
Microsoft Visual Studio Solution File, Format Version 12.00
# Visual Studio Version 17
VisualStudioVersion = 17.5.33414.496
MinimumVisualStudioVersion = 10.0.40219.1
Project("{8BC9CEB8-8B4A-11D0-8D11-00A0C91BC942}") = "178_Pointer", "178_Pointer\178_Pointer.vcxproj", "{6904D820-EFCA-4B7D-96D2-FCCE75B3AA33}"
EndProject
Project("{8BC9CEB8-8B4A-11D0-8D11-00A0C91BC942}") = "Pointer2", "Pointer2\Pointer2.vcxproj", "{571B3BE8-3987-40DD-B70C-4803F83527B6}"
EndProject
Project("{8BC9CEB8-8B4A-11D0-8D11-00A0C91BC942}") = "Friendclass", "Friendclass\Friendclass.vcxproj", "{B125C4FA-9223-490A-97DB-2B9E87ED8433}"
EndProject
Global
	GlobalSection(SolutionConfigurationPlatforms) = preSolution
		Debug|x64 = Debug|x64
		Debug|x86 = Debug|x86
		Release|x64 = Release|x64
		Release|x86 = Release|x86
	EndGlobalSection
	GlobalSection(ProjectConfigurationPlatforms) = postSolution
		{6904D820-EFCA-4B7D-96D2-FCCE75B3AA33}.Debug|x64.ActiveCfg = Debug|x64
		{6904D820-EFCA-4B7D-96D2-FCCE75B3AA33}.Debug|x64.Build.0 = Debug|x64
		{6904D820-EFCA-4B7D-96D2-FCCE75B3AA33}.Debug|x86.ActiveCfg = Debug|Win32
		{6904D820-EFCA-4B7D-96D2-FCCE75B3AA33}.Debug|x86.Build.0 = Debug|Win32
		{6904D820-EFCA-4B7D-96D2-FCCE75B3AA33}.Release|x64.ActiveCfg = Release|x64
		{6904D820-EFCA-4B7D-96D2-FCCE75B3AA33}.Release|x64.Build.0 = Release|x64
		{6904D820-EFCA-4B7D-96D2-FCCE75B3AA33}.Release|x86.ActiveCfg = Release|Win32
		{6904D820-EFCA-4B7D-96D2-FCCE75B3AA33}.Release|x86.Build.0 = Release|Win32
		{571B3BE8-3987-40DD-B70C-4803F83527B6}.Debug|x64.ActiveCfg = Debug|x64
		{571B3BE8-3987-40DD-B70C-4803F83527B6}.Debug|x64.Build.0 = Debug|x64
		{571B3BE8-3987-40DD-B70C-4803F83527B6}.Debug|x86.ActiveCfg = Debug|Win32
		{571B3BE8-3987-40DD-B70C-4803F83527B6}.Debug|x86.Build.0 = Debug|Win32
		{571B3BE8-3987-40DD-B70C-4803F83527B6}.Release|x64.ActiveCfg = Release|x64
		{571B3BE8-3987-40DD-B70C-4803F83527B6}.Release|x64.Build.0 = Release|x64
		{571B3BE8-3987-40DD-B70C-4803F83527B6}.Release|x86.ActiveCfg = Release|Win32
		{571B3BE8-3987-40DD-B70C-4803F83527B6}.Release|x86.Build.0 = Release|Win32
		{B125C4FA-9223-490A-97DB-2B9E87ED8433}.Debug|x64.ActiveCfg = Debug|x64
		{B125C4FA-9223-490A-97DB-2B9E87ED8433}.Debug|x64.Build.0 = Debug|x64
		{B125C4FA-9223-490A-97DB-2B9E87ED8433}.Debug|x86.ActiveCfg = Debug|Win32
		{B125C4FA-9223-490A-97DB-2B9E87ED8433}.Debug|x86.Build.0 = Debug|Win32
		{B125C4FA-9223-490A-97DB-2B9E87ED8433}.Release|x64.ActiveCfg = Release|x64
		{B125C4FA-9223-490A-97DB-2B9E87ED8433}.Release|x64.Build.0 = Release|x64
		{B125C4FA-9223-490A-97DB-2B9E87ED8433}.Release|x86.ActiveCfg = Release|Win32
		{B125C4FA-9223-490A-97DB-2B9E87ED8433}.Release|x86.Build.0 = Release|Win32
	EndGlobalSection
	GlobalSection(SolutionProperties) = preSolution
		HideSolutionNode = FALSE
	EndGlobalSection
	GlobalSection(ExtensibilityGlobals) = postSolution
		SolutionGuid = {E8583119-5CA2-4F8D-92BC-2EE4EBE7584C}
	EndGlobalSection
EndGlobal
